
Microsoft Visual Studio Solution File, Format Version 11.00
# Visual Studio 2010
Project("{FAE04EC0-301F-11D3-BF4B-00C04F79EFBC}") = "Assembly-CSharp", "Assembly-CSharp.csproj", "{4fb6ec83-2f77-e7e5-ce67-657fa8366019}"
EndProject
Project("{FAE04EC0-301F-11D3-BF4B-00C04F79EFBC}") = "Assembly-CSharp-Editor", "Assembly-CSharp-Editor.csproj", "{dc24f168-a36f-ef1e-c711-e99bd21c8b94}"
EndProject
Global
	GlobalSection(SolutionConfigurationPlatforms) = preSolution
		Debug|Any CPU = Debug|Any CPU
	EndGlobalSection
	GlobalSection(ProjectConfigurationPlatforms) = postSolution
		{4fb6ec83-2f77-e7e5-ce67-657fa8366019}.Debug|Any CPU.ActiveCfg = Debug|Any CPU
		{4fb6ec83-2f77-e7e5-ce67-657fa8366019}.Debug|Any CPU.Build.0 = Debug|Any CPU
		{dc24f168-a36f-ef1e-c711-e99bd21c8b94}.Debug|Any CPU.ActiveCfg = Debug|Any CPU
		{dc24f168-a36f-ef1e-c711-e99bd21c8b94}.Debug|Any CPU.Build.0 = Debug|Any CPU
	EndGlobalSection
	GlobalSection(SolutionProperties) = preSolution
		HideSolutionNode = FALSE
	EndGlobalSection
EndGlobal
